
Microsoft Visual Studio Solution File, Format Version 12.00
# Visual Studio 15
VisualStudioVersion = 15.0.28307.329
MinimumVisualStudioVersion = 10.0.40219.1
Project("{8BC9CEB8-8B4A-11D0-8D11-00A0C91BC942}") = "CSIT-112", "CSIT-112\CSIT-112.vcxproj", "{70DC93F8-BECC-412C-9585-22566B7C3975}"
EndProject
Global
	GlobalSection(SolutionConfigurationPlatforms) = preSolution
		Debug|x64 = Debug|x64
		Debug|x86 = Debug|x86
		Release|x64 = Release|x64
		Release|x86 = Release|x86
	EndGlobalSection
	GlobalSection(ProjectConfigurationPlatforms) = postSolution
		{70DC93F8-BECC-412C-9585-22566B7C3975}.Debug|x64.ActiveCfg = Debug|x64
		{70DC93F8-BECC-412C-9585-22566B7C3975}.Debug|x64.Build.0 = Debug|x64
		{70DC93F8-BECC-412C-9585-22566B7C3975}.Debug|x86.ActiveCfg = Debug|Win32
		{70DC93F8-BECC-412C-9585-22566B7C3975}.Debug|x86.Build.0 = Debug|Win32
		{70DC93F8-BECC-412C-9585-22566B7C3975}.Release|x64.ActiveCfg = Release|x64
		{70DC93F8-BECC-412C-9585-22566B7C3975}.Release|x64.Build.0 = Release|x64
		{70DC93F8-BECC-412C-9585-22566B7C3975}.Release|x86.ActiveCfg = Release|Win32
		{70DC93F8-BECC-412C-9585-22566B7C3975}.Release|x86.Build.0 = Release|Win32
	EndGlobalSection
	GlobalSection(SolutionProperties) = preSolution
		HideSolutionNode = FALSE
	EndGlobalSection
	GlobalSection(ExtensibilityGlobals) = postSolution
		SolutionGuid = {5136608E-4C84-4586-BC83-E83502233D25}
	EndGlobalSection
EndGlobal
